
Microsoft Visual Studio Solution File, Format Version 12.00
# Visual Studio 15
VisualStudioVersion = 15.0.28307.136
MinimumVisualStudioVersion = 10.0.40219.1
Project("{FAE04EC0-301F-11D3-BF4B-00C04F79EFBC}") = "Lab01", "Lab01\Lab01.csproj", "{59A03E08-60AE-4E92-984B-06F5DAB32B2A}"
EndProject
Global
	GlobalSection(SolutionConfigurationPlatforms) = preSolution
		Debug|Any CPU = Debug|Any CPU
		Release|Any CPU = Release|Any CPU
	EndGlobalSection
	GlobalSection(ProjectConfigurationPlatforms) = postSolution
		{59A03E08-60AE-4E92-984B-06F5DAB32B2A}.Debug|Any CPU.ActiveCfg = Debug|Any CPU
		{59A03E08-60AE-4E92-984B-06F5DAB32B2A}.Debug|Any CPU.Build.0 = Debug|Any CPU
		{59A03E08-60AE-4E92-984B-06F5DAB32B2A}.Release|Any CPU.ActiveCfg = Release|Any CPU
		{59A03E08-60AE-4E92-984B-06F5DAB32B2A}.Release|Any CPU.Build.0 = Release|Any CPU
	EndGlobalSection
	GlobalSection(SolutionProperties) = preSolution
		HideSolutionNode = FALSE
	EndGlobalSection
	GlobalSection(ExtensibilityGlobals) = postSolution
		SolutionGuid = {9F4591FA-AB8D-4BE8-A27D-F0BC82429ADE}
	EndGlobalSection
EndGlobal
